
Microsoft Visual Studio Solution File, Format Version 12.00
# Visual Studio Version 16
VisualStudioVersion = 16.0.29920.165
MinimumVisualStudioVersion = 10.0.40219.1
Project("{888888A0-9F3D-457C-B088-3A5042F75D52}") = "HelloWorld2", "HelloWorld2.pyproj", "{15C82061-0A8E-4B0E-879C-76BDEE0F46DF}"
EndProject
Global
	GlobalSection(SolutionConfigurationPlatforms) = preSolution
		Debug|Any CPU = Debug|Any CPU
		Release|Any CPU = Release|Any CPU
	EndGlobalSection
	GlobalSection(ProjectConfigurationPlatforms) = postSolution
		{15C82061-0A8E-4B0E-879C-76BDEE0F46DF}.Debug|Any CPU.ActiveCfg = Debug|Any CPU
		{15C82061-0A8E-4B0E-879C-76BDEE0F46DF}.Release|Any CPU.ActiveCfg = Release|Any CPU
	EndGlobalSection
	GlobalSection(SolutionProperties) = preSolution
		HideSolutionNode = FALSE
	EndGlobalSection
	GlobalSection(ExtensibilityGlobals) = postSolution
		SolutionGuid = {525E5C59-9F66-4C60-86E6-96F36AAAF203}
	EndGlobalSection
EndGlobal
